// !$*UTF8*$!
{
	archiveVersion = 1;
	classes = {
	};
	objectVersion = 55;
	objects = {

/* Begin PBXBuildFile section */
		5734221328F771070086F149 /* API.swift in Sources */ = {isa = PBXBuildFile; fileRef = 5734221228F771070086F149 /* API.swift */; };
		573646D0291C4FBA0077FBCA /* fullMovieView.swift in Sources */ = {isa = PBXBuildFile; fileRef = 573646CF291C4FBA0077FBCA /* fullMovieView.swift */; };
		5768007128E4DA2C00D82EF3 /* Movie.swift in Sources */ = {isa = PBXBuildFile; fileRef = 5768007028E4DA2C00D82EF3 /* Movie.swift */; };
		5768007328E4E41800D82EF3 /* Data+.swift in Sources */ = {isa = PBXBuildFile; fileRef = 5768007228E4E41800D82EF3 /* Data+.swift */; };
		57878ED728D1338D00C5C8A4 /* personal_projectApp.swift in Sources */ = {isa = PBXBuildFile; fileRef = 57878ED628D1338D00C5C8A4 /* personal_projectApp.swift */; };
		57878ED928D1338D00C5C8A4 /* ContentView.swift in Sources */ = {isa = PBXBuildFile; fileRef = 57878ED828D1338D00C5C8A4 /* ContentView.swift */; };
		57878EDB28D1338F00C5C8A4 /* Assets.xcassets in Resources */ = {isa = PBXBuildFile; fileRef = 57878EDA28D1338F00C5C8A4 /* Assets.xcassets */; };
		57878EDE28D1338F00C5C8A4 /* Preview Assets.xcassets in Resources */ = {isa = PBXBuildFile; fileRef = 57878EDD28D1338F00C5C8A4 /* Preview Assets.xcassets */; };
/* End PBXBuildFile section */

/* Begin PBXFileReference section */
		5734221228F771070086F149 /* API.swift */ = {isa = PBXFileReference; lastKnownFileType = sourcecode.swift; path = API.swift; sourceTree = "<group>"; };
		573646CF291C4FBA0077FBCA /* fullMovieView.swift */ = {isa = PBXFileReference; lastKnownFileType = sourcecode.swift; path = fullMovieView.swift; sourceTree = "<group>"; };
		5768007028E4DA2C00D82EF3 /* Movie.swift */ = {isa = PBXFileReference; lastKnownFileType = sourcecode.swift; path = Movie.swift; sourceTree = "<group>"; };
		5768007228E4E41800D82EF3 /* Data+.swift */ = {isa = PBXFileReference; lastKnownFileType = sourcecode.swift; path = "Data+.swift"; sourceTree = "<group>"; };
		57878ED328D1338D00C5C8A4 /* personal_project.app */ = {isa = PBXFileReference; explicitFileType = wrapper.application; includeInIndex = 0; path = personal_project.app; sourceTree = BUILT_PRODUCTS_DIR; };
		57878ED628D1338D00C5C8A4 /* personal_projectApp.swift */ = {isa = PBXFileReference; lastKnownFileType = sourcecode.swift; path = personal_projectApp.swift; sourceTree = "<group>"; };
		57878ED828D1338D00C5C8A4 /* ContentView.swift */ = {isa = PBXFileReference; lastKnownFileType = sourcecode.swift; path = ContentView.swift; sourceTree = "<group>"; };
		57878EDA28D1338F00C5C8A4 /* Assets.xcassets */ = {isa = PBXFileReference; lastKnownFileType = folder.assetcatalog; path = Assets.xcassets; sourceTree = "<group>"; };
		57878EDD28D1338F00C5C8A4 /* Preview Assets.xcassets */ = {isa = PBXFileReference; lastKnownFileType = folder.assetcatalog; path = "Preview Assets.xcassets"; sourceTree = "<group>"; };
/* End PBXFileReference section */

/* Begin PBXFrameworksBuildPhase section */
		57878ED028D1338D00C5C8A4 /* Frameworks */ = {
			isa = PBXFrameworksBuildPhase;
			buildActionMask = 2147483647;
			files = (
			);
			runOnlyForDeploymentPostprocessing = 0;
		};
/* End PBXFrameworksBuildPhase section */

/* Begin PBXGroup section */
		57878ECA28D1338D00C5C8A4 = {
			isa = PBXGroup;
			children = (
				57878ED528D1338D00C5C8A4 /* personal_project */,
				57878ED428D1338D00C5C8A4 /* Products */,
			);
			sourceTree = "<group>";
		};
		57878ED428D1338D00C5C8A4 /* Products */ = {
			isa = PBXGroup;
			children = (
				57878ED328D1338D00C5C8A4 /* personal_project.app */,
			);
			name = Products;
			sourceTree = "<group>";
		};
		57878ED528D1338D00C5C8A4 /* personal_project */ = {
			isa = PBXGroup;
			children = (
				57878ED628D1338D00C5C8A4 /* personal_projectApp.swift */,
				5734221228F771070086F149 /* API.swift */,
				5768007028E4DA2C00D82EF3 /* Movie.swift */,
				5768007228E4E41800D82EF3 /* Data+.swift */,
				57878ED828D1338D00C5C8A4 /* ContentView.swift */,
				573646CF291C4FBA0077FBCA /* fullMovieView.swift */,
				57878EDA28D1338F00C5C8A4 /* Assets.xcassets */,
				57878EDC28D1338F00C5C8A4 /* Preview Content */,
			);
			path = personal_project;
			sourceTree = "<group>";
		};
		57878EDC28D1338F00C5C8A4 /* Preview Content */ = {
			isa = PBXGroup;
			children = (
				57878EDD28D1338F00C5C8A4 /* Preview Assets.xcassets */,
			);
			path = "Preview Content";
			sourceTree = "<group>";
		};
/* End PBXGroup section */

/* Begin PBXNativeTarget section */
		57878ED228D1338D00C5C8A4 /* personal_project */ = {
			isa = PBXNativeTarget;
			buildConfigurationList = 57878EE128D1338F00C5C8A4 /* Build configuration list for PBXNativeTarget "personal_project" */;
			buildPhases = (
				57878ECF28D1338D00C5C8A4 /* Sources */,
				57878ED028D1338D00C5C8A4 /* Frameworks */,
				57878ED128D1338D00C5C8A4 /* Resources */,
			);
			buildRules = (
			);
			dependencies = (
			);
			name = personal_project;
			productName = personal_project;
			productReference = 57878ED328D1338D00C5C8A4 /* personal_project.app */;
			productType = "com.apple.product-type.application";
		};
/* End PBXNativeTarget section */

/* Begin PBXProject section */
		57878ECB28D1338D00C5C8A4 /* Project object */ = {
			isa = PBXProject;
			attributes = {
				BuildIndependentTargetsInParallel = 1;
				LastSwiftUpdateCheck = 1340;
				LastUpgradeCheck = 1340;
				TargetAttributes = {
					57878ED228D1338D00C5C8A4 = {
						CreatedOnToolsVersion = 13.4.1;
					};
				};
			};
			buildConfigurationList = 57878ECE28D1338D00C5C8A4 /* Build configuration list for PBXProject "personal_project" */;
			compatibilityVersion = "Xcode 13.0";
			developmentRegion = en;
			hasScannedForEncodings = 0;
			knownRegions = (
				en,
				Base,
			);
			mainGroup = 57878ECA28D1338D00C5C8A4;
			productRefGroup = 57878ED428D1338D00C5C8A4 /* Products */;
			projectDirPath = "";
			projectRoot = "";
			targets = (
				57878ED228D1338D00C5C8A4 /* personal_project */,
			);
		};
/* End PBXProject section */

/* Begin PBXResourcesBuildPhase section */
		57878ED128D1338D00C5C8A4 /* Resources */ = {
			isa = PBXResourcesBuildPhase;
			buildActionMask = 2147483647;
			files = (
				57878EDE28D1338F00C5C8A4 /* Preview Assets.xcassets in Resources */,
				57878EDB28D1338F00C5C8A4 /* Assets.xcassets in Resources */,
			);
			runOnlyForDeploymentPostprocessing = 0;
		};
/* End PBXResourcesBuildPhase section */

/* Begin PBXSourcesBuildPhase section */
		57878ECF28D1338D00C5C8A4 /* Sources */ = {
			isa = PBXSourcesBuildPhase;
			buildActionMask = 2147483647;
			files = (
				57878ED928D1338D00C5C8A4 /* ContentView.swift in Sources */,
				57878ED728D1338D00C5C8A4 /* personal_projectApp.swift in Sources */,
				573646D0291C4FBA0077FBCA /* fullMovieView.swift in Sources */,
				5768007128E4DA2C00D82EF3 /* Movie.swift in Sources */,
				5768007328E4E41800D82EF3 /* Data+.swift in Sources */,
				5734221328F771070086F149 /* API.swift in Sources */,
			);
			runOnlyForDeploymentPostprocessing = 0;
		};
/* End PBXSourcesBuildPhase section */

/* Begin XCBuildConfiguration section */
		57878EDF28D1338F00C5C8A4 /* Debug */ = {
			isa = XCBuildConfiguration;
			buildSettings = {
				ALWAYS_SEARCH_USER_PATHS = NO;
				CLANG_ANALYZER_NONNULL = YES;
				CLANG_ANALYZER_NUMBER_OBJECT_CONVERSION = YES_AGGRESSIVE;
				CLANG_CXX_LANGUAGE_STANDARD = "gnu++17";
				CLANG_ENABLE_MODULES = YES;
				CLANG_ENABLE_OBJC_ARC = YES;
				CLANG_ENABLE_OBJC_WEAK = YES;
				CLANG_WARN_BLOCK_CAPTURE_AUTORELEASING = YES;
				CLANG_WARN_BOOL_CONVERSION = YES;
				CLANG_WARN_COMMA = YES;
				CLANG_WARN_CONSTANT_CONVERSION = YES;
				CLANG_WARN_DEPRECATED_OBJC_IMPLEMENTATIONS = YES;
				CLANG_WARN_DIRECT_OBJC_ISA_USAGE = YES_ERROR;
				CLANG_WARN_DOCUMENTATION_COMMENTS = YES;
				CLANG_WARN_EMPTY_BODY = YES;
				CLANG_WARN_ENUM_CONVERSION = YES;
				CLANG_WARN_INFINITE_RECURSION = YES;
				CLANG_WARN_INT_CONVERSION = YES;
				CLANG_WARN_NON_LITERAL_NULL_CONVERSION = YES;
				CLANG_WARN_OBJC_IMPLICIT_RETAIN_SELF = YES;
				CLANG_WARN_OBJC_LITERAL_CONVERSION = YES;
				CLANG_WARN_OBJC_ROOT_CLASS = YES_ERROR;
				CLANG_WARN_QUOTED_INCLUDE_IN_FRAMEWORK_HEADER = YES;
				CLANG_WARN_RANGE_LOOP_ANALYSIS = YES;
				CLANG_WARN_STRICT_PROTOTYPES = YES;
				CLANG_WARN_SUSPICIOUS_MOVE = YES;
				CLANG_WARN_UNGUARDED_AVAILABILITY = YES_AGGRESSIVE;
				CLANG_WARN_UNREACHABLE_CODE = YES;
				CLANG_WARN__DUPLICATE_METHOD_MATCH = YES;
				COPY_PHASE_STRIP = NO;
				DEBUG_INFORMATION_FORMAT = dwarf;
				ENABLE_STRICT_OBJC_MSGSEND = YES;
				ENABLE_TESTABILITY = YES;
				GCC_C_LANGUAGE_STANDARD = gnu11;
				GCC_DYNAMIC_NO_PIC = NO;
				GCC_NO_COMMON_BLOCKS = YES;
				GCC_OPTIMIZATION_LEVEL = 0;
				GCC_PREPROCESSOR_DEFINITIONS = (
					"DEBUG=1",
					"$(inherited)",
				);
				GCC_WARN_64_TO_32_BIT_CONVERSION = YES;
				GCC_WARN_ABOUT_RETURN_TYPE = YES_ERROR;
				GCC_WARN_UNDECLARED_SELECTOR = YES;
				GCC_WARN_UNINITIALIZED_AUTOS = YES_AGGRESSIVE;
				GCC_WARN_UNUSED_FUNCTION = YES;
				GCC_WARN_UNUSED_VARIABLE = YES;
				IPHONEOS_DEPLOYMENT_TARGET = 16.1;
				MTL_ENABLE_DEBUG_INFO = INCLUDE_SOURCE;
				MTL_FAST_MATH = YES;
				ONLY_ACTIVE_ARCH = YES;
				SDKROOT = iphoneos;
				SWIFT_ACTIVE_COMPILATION_CONDITIONS = DEBUG;
				SWIFT_OPTIMIZATION_LEVEL = "-Onone";
			};
			name = Debug;
		};
		57878EE028D1338F00C5C8A4 /* Release */ = {
			isa = XCBuildConfiguration;
			buildSettings = {
				ALWAYS_SEARCH_USER_PATHS = NO;
				CLANG_ANALYZER_NONNULL = YES;
				CLANG_ANALYZER_NUMBER_OBJECT_CONVERSION = YES_AGGRESSIVE;
				CLANG_CXX_LANGUAGE_STANDARD = "gnu++17";
				CLANG_ENABLE_MODULES = YES;
				CLANG_ENABLE_OBJC_ARC = YES;
				CLANG_ENABLE_OBJC_WEAK = YES;
				CLANG_WARN_BLOCK_CAPTURE_AUTORELEASING = YES;
				CLANG_WARN_BOOL_CONVERSION = YES;
				CLANG_WARN_COMMA = YES;
				CLANG_WARN_CONSTANT_CONVERSION = YES;
				CLANG_WARN_DEPRECATED_OBJC_IMPLEMENTATIONS = YES;
				CLANG_WARN_DIRECT_OBJC_ISA_USAGE = YES_ERROR;
				CLANG_WARN_DOCUMENTATION_COMMENTS = YES;
				CLANG_WARN_EMPTY_BODY = YES;
				CLANG_WARN_ENUM_CONVERSION = YES;
				CLANG_WARN_INFINITE_RECURSION = YES;
				CLANG_WARN_INT_CONVERSION = YES;
				CLANG_WARN_NON_LITERAL_NULL_CONVERSION = YES;
				CLANG_WARN_OBJC_IMPLICIT_RETAIN_SELF = YES;
				CLANG_WARN_OBJC_LITERAL_CONVERSION = YES;
				CLANG_WARN_OBJC_ROOT_CLASS = YES_ERROR;
				CLANG_WARN_QUOTED_INCLUDE_IN_FRAMEWORK_HEADER = YES;
				CLANG_WARN_RANGE_LOOP_ANALYSIS = YES;
				CLANG_WARN_STRICT_PROTOTYPES = YES;
				CLANG_WARN_SUSPICIOUS_MOVE = YES;
				CLANG_WARN_UNGUARDED_AVAILABILITY = YES_AGGRESSIVE;
				CLANG_WARN_UNREACHABLE_CODE = YES;
				CLANG_WARN__DUPLICATE_METHOD_MATCH = YES;
				COPY_PHASE_STRIP = NO;
				DEBUG_INFORMATION_FORMAT = "dwarf-with-dsym";
				ENABLE_NS_ASSERTIONS = NO;
				ENABLE_STRICT_OBJC_MSGSEND = YES;
				GCC_C_LANGUAGE_STANDARD = gnu11;
				GCC_NO_COMMON_BLOCKS = YES;
				GCC_WARN_64_TO_32_BIT_CONVERSION = YES;
				GCC_WARN_ABOUT_RETURN_TYPE = YES_ERROR;
				GCC_WARN_UNDECLARED_SELECTOR = YES;
				GCC_WARN_UNINITIALIZED_AUTOS = YES_AGGRESSIVE;
				GCC_WARN_UNUSED_FUNCTION = YES;
				GCC_WARN_UNUSED_VARIABLE = YES;
				IPHONEOS_DEPLOYMENT_TARGET = 16.1;
				MTL_ENABLE_DEBUG_INFO = NO;
				MTL_FAST_MATH = YES;
				SDKROOT = iphoneos;
				SWIFT_COMPILATION_MODE = wholemodule;
				SWIFT_OPTIMIZATION_LEVEL = "-O";
				VALIDATE_PRODUCT = YES;
			};
			name = Release;
		};
		57878EE228D1338F00C5C8A4 /* Debug */ = {
			isa = XCBuildConfiguration;
			buildSettings = {
				ASSETCATALOG_COMPILER_APPICON_NAME = AppIcon;
				ASSETCATALOG_COMPILER_GLOBAL_ACCENT_COLOR_NAME = AccentColor;
				CODE_SIGN_STYLE = Automatic;
				CURRENT_PROJECT_VERSION = 1;
				DEVELOPMENT_ASSET_PATHS = "\"personal_project/Preview Content\"";
				DEVELOPMENT_TEAM = 7KBHX5XVBF;
				ENABLE_PREVIEWS = YES;
				GENERATE_INFOPLIST_FILE = YES;
				INFOPLIST_KEY_UIApplicationSceneManifest_Generation = YES;
				INFOPLIST_KEY_UIApplicationSupportsIndirectInputEvents = YES;
				INFOPLIST_KEY_UILaunchScreen_Generation = YES;
				INFOPLIST_KEY_UISupportedInterfaceOrientations_iPad = "UIInterfaceOrientationPortrait UIInterfaceOrientationPortraitUpsideDown UIInterfaceOrientationLandscapeLeft UIInterfaceOrientationLandscapeRight";
				INFOPLIST_KEY_UISupportedInterfaceOrientations_iPhone = "UIInterfaceOrientationPortrait UIInterfaceOrientationLandscapeLeft UIInterfaceOrientationLandscapeRight";
				LD_RUNPATH_SEARCH_PATHS = (
					"$(inherited)",
					"@executable_path/Frameworks",
				);
				MARKETING_VERSION = 1.0;
				PRODUCT_BUNDLE_IDENTIFIER = "com.jordan-evans.personal-project";
				PRODUCT_NAME = "$(TARGET_NAME)";
				SWIFT_EMIT_LOC_STRINGS = YES;
				SWIFT_VERSION = 5.0;
				TARGETED_DEVICE_FAMILY = "1,2";
			};
			name = Debug;
		};
		57878EE328D1338F00C5C8A4 /* Release */ = {
			isa = XCBuildConfiguration;
			buildSettings = {
				ASSETCATALOG_COMPILER_APPICON_NAME = AppIcon;
				ASSETCATALOG_COMPILER_GLOBAL_ACCENT_COLOR_NAME = AccentColor;
				CODE_SIGN_STYLE = Automatic;
				CURRENT_PROJECT_VERSION = 1;
				DEVELOPMENT_ASSET_PATHS = "\"personal_project/Preview Content\"";
				DEVELOPMENT_TEAM = 7KBHX5XVBF;
				ENABLE_PREVIEWS = YES;
				GENERATE_INFOPLIST_FILE = YES;
				INFOPLIST_KEY_UIApplicationSceneManifest_Generation = YES;
				INFOPLIST_KEY_UIApplicationSupportsIndirectInputEvents = YES;
				INFOPLIST_KEY_UILaunchScreen_Generation = YES;
				INFOPLIST_KEY_UISupportedInterfaceOrientations_iPad = "UIInterfaceOrientationPortrait UIInterfaceOrientationPortraitUpsideDown UIInterfaceOrientationLandscapeLeft UIInterfaceOrientationLandscapeRight";
				INFOPLIST_KEY_UISupportedInterfaceOrientations_iPhone = "UIInterfaceOrientationPortrait UIInterfaceOrientationLandscapeLeft UIInterfaceOrientationLandscapeRight";
				LD_RUNPATH_SEARCH_PATHS = (
					"$(inherited)",
					"@executable_path/Frameworks",
				);
				MARKETING_VERSION = 1.0;
				PRODUCT_BUNDLE_IDENTIFIER = "com.jordan-evans.personal-project";
				PRODUCT_NAME = "$(TARGET_NAME)";
				SWIFT_EMIT_LOC_STRINGS = YES;
				SWIFT_VERSION = 5.0;
				TARGETED_DEVICE_FAMILY = "1,2";
			};
			name = Release;
		};
/* End XCBuildConfiguration section */

/* Begin XCConfigurationList section */
		57878ECE28D1338D00C5C8A4 /* Build configuration list for PBXProject "personal_project" */ = {
			isa = XCConfigurationList;
			buildConfigurations = (
				57878EDF28D1338F00C5C8A4 /* Debug */,
				57878EE028D1338F00C5C8A4 /* Release */,
			);
			defaultConfigurationIsVisible = 0;
			defaultConfigurationName = Release;
		};
		57878EE128D1338F00C5C8A4 /* Build configuration list for PBXNativeTarget "personal_project" */ = {
			isa = XCConfigurationList;
			buildConfigurations = (
				57878EE228D1338F00C5C8A4 /* Debug */,
				57878EE328D1338F00C5C8A4 /* Release */,
			);
			defaultConfigurationIsVisible = 0;
			defaultConfigurationName = Release;
		};
/* End XCConfigurationList section */
	};
	rootObject = 57878ECB28D1338D00C5C8A4 /* Project object */;
}
